
Microsoft Visual Studio Solution File, Format Version 12.00
Project("{2150E333-8FDC-42A3-9474-1A3956D46DE8}") = "AuthorizationApi", "AuthorizationApi", "{8B867A9A-5565-4AEB-9DAC-C4785AF03EC6}"
EndProject
Project("{2150E333-8FDC-42A3-9474-1A3956D46DE8}") = "ProfilesApi", "ProfilesApi", "{C18B82ED-91BC-4D71-868D-0B4B7FE4A7E0}"
EndProject
Project("{2150E333-8FDC-42A3-9474-1A3956D46DE8}") = "OfficesApi", "OfficesApi", "{36A84F3B-909D-4AB4-98FE-83BF65DEC674}"
EndProject
Project("{2150E333-8FDC-42A3-9474-1A3956D46DE8}") = "ServicesApi", "ServicesApi", "{B8C2E43C-C9D2-4601-8749-EA9179A74B23}"
EndProject
Project("{2150E333-8FDC-42A3-9474-1A3956D46DE8}") = "AppointmentApi", "AppointmentApi", "{E2437EDB-2976-4055-9D53-5E5E58D69A48}"
EndProject
Project("{2150E333-8FDC-42A3-9474-1A3956D46DE8}") = "DocumentsApi", "DocumentsApi", "{931CF2D5-4094-4A09-AF5D-3063B3904709}"
EndProject
Project("{2150E333-8FDC-42A3-9474-1A3956D46DE8}") = "GatewayApi", "GatewayApi", "{271DB1CB-1102-4EA5-9768-328E6670FB9F}"
EndProject
Project("{2150E333-8FDC-42A3-9474-1A3956D46DE8}") = "Solution Items", "Solution Items", "{F9687DCB-CB46-48ED-B8DA-B3083A4942C3}"
	ProjectSection(SolutionItems) = preProject
		docker-compose.yml = docker-compose.yml
	EndProjectSection
EndProject
Project("{FAE04EC0-301F-11D3-BF4B-00C04F79EFBC}") = "InnoClinic.AppointmentApi.Api", "AppointmentApi\InnoClinic.AppointmentApi.Api\InnoClinic.AppointmentApi.Api.csproj", "{C2764315-94B3-45CA-BE53-A0E4A5BF7002}"
EndProject
Project("{FAE04EC0-301F-11D3-BF4B-00C04F79EFBC}") = "InnoClinic.AppointmentApi.BL", "AppointmentApi\InnoClinic.AppointmentApi.BL\InnoClinic.AppointmentApi.BL.csproj", "{4A6F4964-AE5F-4723-B71C-1861D0295BAD}"
EndProject
Project("{FAE04EC0-301F-11D3-BF4B-00C04F79EFBC}") = "InnoClinic.AppointmentApi.DAL", "AppointmentApi\InnoClinic.AppointmentApi.DAL\InnoClinic.AppointmentApi.DAL.csproj", "{4718A2C9-65D7-451F-B818-2184F993AE3E}"
EndProject
Global
	GlobalSection(SolutionConfigurationPlatforms) = preSolution
		Debug|Any CPU = Debug|Any CPU
		Release|Any CPU = Release|Any CPU
	EndGlobalSection
	GlobalSection(ProjectConfigurationPlatforms) = postSolution
		{C2764315-94B3-45CA-BE53-A0E4A5BF7002}.Debug|Any CPU.ActiveCfg = Debug|Any CPU
		{C2764315-94B3-45CA-BE53-A0E4A5BF7002}.Debug|Any CPU.Build.0 = Debug|Any CPU
		{C2764315-94B3-45CA-BE53-A0E4A5BF7002}.Release|Any CPU.ActiveCfg = Release|Any CPU
		{C2764315-94B3-45CA-BE53-A0E4A5BF7002}.Release|Any CPU.Build.0 = Release|Any CPU
		{4A6F4964-AE5F-4723-B71C-1861D0295BAD}.Debug|Any CPU.ActiveCfg = Debug|Any CPU
		{4A6F4964-AE5F-4723-B71C-1861D0295BAD}.Debug|Any CPU.Build.0 = Debug|Any CPU
		{4A6F4964-AE5F-4723-B71C-1861D0295BAD}.Release|Any CPU.ActiveCfg = Release|Any CPU
		{4A6F4964-AE5F-4723-B71C-1861D0295BAD}.Release|Any CPU.Build.0 = Release|Any CPU
		{4718A2C9-65D7-451F-B818-2184F993AE3E}.Debug|Any CPU.ActiveCfg = Debug|Any CPU
		{4718A2C9-65D7-451F-B818-2184F993AE3E}.Debug|Any CPU.Build.0 = Debug|Any CPU
		{4718A2C9-65D7-451F-B818-2184F993AE3E}.Release|Any CPU.ActiveCfg = Release|Any CPU
		{4718A2C9-65D7-451F-B818-2184F993AE3E}.Release|Any CPU.Build.0 = Release|Any CPU
	EndGlobalSection
	GlobalSection(NestedProjects) = preSolution
		{C2764315-94B3-45CA-BE53-A0E4A5BF7002} = {E2437EDB-2976-4055-9D53-5E5E58D69A48}
		{4A6F4964-AE5F-4723-B71C-1861D0295BAD} = {E2437EDB-2976-4055-9D53-5E5E58D69A48}
		{4718A2C9-65D7-451F-B818-2184F993AE3E} = {E2437EDB-2976-4055-9D53-5E5E58D69A48}
	EndGlobalSection
EndGlobal
