<Solution>
  <Folder Name="/AppointmentApi/">
    <Project Path="AppointmentApi\InnoClinic.AppointmentApi.Api\InnoClinic.AppointmentApi.Api.csproj" Type="Classic C#" />
    <Project Path="AppointmentApi\InnoClinic.AppointmentApi.BL\InnoClinic.AppointmentApi.BL.csproj" Type="Classic C#" />
    <Project Path="AppointmentApi\InnoClinic.AppointmentApi.DAL\InnoClinic.AppointmentApi.DAL.csproj" Type="Classic C#" />
  </Folder>
  <Folder Name="/AuthorizationApi/">
    <Project Path="AuthorizationApi\InnoClinic.AuthorizationApi.Api\InnoClinic.AuthorizationApi.Api.csproj" Type="Classic C#" />
    <Project Path="AuthorizationApi\InnoClinic.AuthorizationApi.Application\InnoClinic.AuthorizationApi.Application.csproj" Type="Classic C#" />
    <Project Path="AuthorizationApi\InnoClinic.AuthorizationApi.Core\InnoClinic.AuthorizationApi.Core.csproj" Type="Classic C#" />
    <Project Path="AuthorizationApi\InnoClinic.AuthorizationApi.Infrastructure\InnoClinic.AuthorizationApi.Infrastructure.csproj" Type="Classic C#" />
  </Folder>
  <Folder Name="/DocumentsApi/">
    <Project Path="DocumentApi\InnoClinic.DocumentsApi.Api\InnoClinic.DocumentsApi.Api.csproj" Type="Classic C#" />
    <Project Path="DocumentApi\InnoClinic.DocumentsApi.BL\InnoClinic.DocumentsApi.BL.csproj" Type="Classic C#" />
    <Project Path="DocumentApi\InnoClinic.DocumentsApi.DAL\InnoClinic.DocumentsApi.DAL.csproj" Type="Classic C#" />
  </Folder>
  <Folder Name="/GatewayApi/">
    <Project Path="GatewayApi\InnoClinic.GatewayApi.Api\InnoClinic.GatewayApi.Api.csproj" Type="Classic C#" />
  </Folder>
  <Folder Name="/OfficesApi/">
    <Project Path="OfficeApi\InnoClinic.OfficesApi.Api\InnoClinic.OfficesApi.Api.csproj" Type="Classic C#" />
    <Project Path="OfficeApi\InnoClinic.OfficesApi.BL\InnoClinic.OfficesApi.BL.csproj" Type="Classic C#" />
    <Project Path="OfficeApi\InnoClinic.OfficesApi.DAL\InnoClinic.OfficesApi.DAL.csproj" Type="Classic C#" />
  </Folder>
  <Folder Name="/ProfilesApi/">
    <Project Path="ProfileApi\InnoClinic.ProfilesApi.Api\InnoClinic.ProfilesApi.Api.csproj" Type="Classic C#" />
    <Project Path="ProfileApi\InnoClinic.ProfilesApi.BL\InnoClinic.ProfilesApi.BL.csproj" Type="Classic C#" />
    <Project Path="ProfileApi\InnoClinic.ProfilesApi.DAL\InnoClinic.ProfilesApi.DAL.csproj" Type="Classic C#" />
  </Folder>
  <Folder Name="/ServicesApi/">
    <Project Path="ServiceApi\InnoClinic.ServiceApi.Api\InnoClinic.ServiceApi.Api.csproj" Type="Classic C#" />
    <Project Path="ServiceApi\InnoClinic.ServiceApi.BL\InnoClinic.ServiceApi.BL.csproj" Type="Classic C#" />
    <Project Path="ServiceApi\InnoClinic.ServiceApi.DAL\InnoClinic.ServiceApi.DAL.csproj" Type="Classic C#" />
  </Folder>
  <Folder Name="/Shared/">
    <Project Path="Shared\InnoClinic.Shared\InnoClinic.Shared.csproj" Type="Classic C#" />
  </Folder>
  <Folder Name="/Solution Items/">
    <File Path="docker-compose.yml" />
  </Folder>
</Solution>