
Microsoft Visual Studio Solution File, Format Version 12.00
Project("{2150E333-8FDC-42A3-9474-1A3956D46DE8}") = "AuthorizationApi", "AuthorizationApi", "{8B867A9A-5565-4AEB-9DAC-C4785AF03EC6}"
EndProject
Project("{2150E333-8FDC-42A3-9474-1A3956D46DE8}") = "ProfilesApi", "ProfilesApi", "{C18B82ED-91BC-4D71-868D-0B4B7FE4A7E0}"
EndProject
Project("{2150E333-8FDC-42A3-9474-1A3956D46DE8}") = "OfficesApi", "OfficesApi", "{36A84F3B-909D-4AB4-98FE-83BF65DEC674}"
EndProject
Project("{2150E333-8FDC-42A3-9474-1A3956D46DE8}") = "ServicesApi", "ServicesApi", "{B8C2E43C-C9D2-4601-8749-EA9179A74B23}"
EndProject
Project("{2150E333-8FDC-42A3-9474-1A3956D46DE8}") = "AppointmentApi", "AppointmentApi", "{E2437EDB-2976-4055-9D53-5E5E58D69A48}"
EndProject
Project("{2150E333-8FDC-42A3-9474-1A3956D46DE8}") = "DocumentsApi", "DocumentsApi", "{931CF2D5-4094-4A09-AF5D-3063B3904709}"
EndProject
Project("{2150E333-8FDC-42A3-9474-1A3956D46DE8}") = "GatewayApi", "GatewayApi", "{271DB1CB-1102-4EA5-9768-328E6670FB9F}"
EndProject
Project("{FAE04EC0-301F-11D3-BF4B-00C04F79EFBC}") = "InnoClinic.AppointmentApi.DAL", "AppointmentApi\InnoClinic.AppointmentApi.DAL\InnoClinic.AppointmentApi.DAL.csproj", "{8EB6ACE3-E072-4FC4-9BA6-A5DC9D35A485}"
EndProject
Project("{FAE04EC0-301F-11D3-BF4B-00C04F79EFBC}") = "InnoClinic.AppointmentApi.BL", "AppointmentApi\InnoClinic.AppointmentApi.BL\InnoClinic.AppointmentApi.BL.csproj", "{BDF2AD71-0DD2-4FCE-9FFD-19CE80F4CEA7}"
EndProject
Project("{FAE04EC0-301F-11D3-BF4B-00C04F79EFBC}") = "InnoClinic.AppointmentApi.Api", "AppointmentApi\InnoClinic.AppointmentApi.Api\InnoClinic.AppointmentApi.Api.csproj", "{C79BCCA4-6415-451B-9F51-5B6CD7D05DAD}"
EndProject
Project("{FAE04EC0-301F-11D3-BF4B-00C04F79EFBC}") = "InnoClinic.AuthorizationApi.Api", "AuthorizationApi\InnoClinic.AuthorizationApi.Api\InnoClinic.AuthorizationApi.Api.csproj", "{E26ECD90-FE81-4C6C-9C69-F9EF2B4D543B}"
EndProject
Project("{FAE04EC0-301F-11D3-BF4B-00C04F79EFBC}") = "InnoClinic.AuthorizationApi.Application", "AuthorizationApi\InnoClinic.AuthorizationApi.Application\InnoClinic.AuthorizationApi.Application.csproj", "{94E0BFCF-0C49-4288-85B4-AD1C50947C36}"
EndProject
Project("{FAE04EC0-301F-11D3-BF4B-00C04F79EFBC}") = "InnoClinic.AuthorizationApi.Core", "AuthorizationApi\InnoClinic.AuthorizationApi.Core\InnoClinic.AuthorizationApi.Core.csproj", "{C84B2A8E-C2E2-4A7C-BA09-CCFD85E5CEB0}"
EndProject
Project("{FAE04EC0-301F-11D3-BF4B-00C04F79EFBC}") = "InnoClinic.AuthorizationApi.Infrastructure", "AuthorizationApi\InnoClinic.AuthorizationApi.Infrastructure\InnoClinic.AuthorizationApi.Infrastructure.csproj", "{E1256690-787A-4CD8-B1F8-9D9E2D3338F7}"
EndProject
Project("{FAE04EC0-301F-11D3-BF4B-00C04F79EFBC}") = "InnoClinic.DocumentsApi.Api", "DocumentsApi\InnoClinic.DocumentsApi.Api\InnoClinic.DocumentsApi.Api.csproj", "{77BAFE68-B563-4D8A-B30C-918E426602C9}"
EndProject
Project("{FAE04EC0-301F-11D3-BF4B-00C04F79EFBC}") = "InnoClinic.DocumentsApi.BL", "DocumentsApi\InnoClinic.DocumentsApi.BL\InnoClinic.DocumentsApi.BL.csproj", "{6C47DEE6-BCF1-454D-BCE9-FC2A443F7822}"
EndProject
Project("{FAE04EC0-301F-11D3-BF4B-00C04F79EFBC}") = "InnoClinic.DocumentsApi.DAL", "DocumentsApi\InnoClinic.DocumentsApi.DAL\InnoClinic.DocumentsApi.DAL.csproj", "{622592DE-5C8D-43F9-8D71-E5288A1CC6DD}"
EndProject
Project("{FAE04EC0-301F-11D3-BF4B-00C04F79EFBC}") = "InnoClinic.GatewayApi.Api", "GatewayApi\InnoClinic.GatewayApi.Api\InnoClinic.GatewayApi.Api.csproj", "{8395C07C-C986-42B2-B87C-C1EEDD66A45D}"
EndProject
Project("{FAE04EC0-301F-11D3-BF4B-00C04F79EFBC}") = "InnoClinic.GatewayApi.BL", "GatewayApi\InnoClinic.GatewayApi.BL\InnoClinic.GatewayApi.BL.csproj", "{81754CD0-FDA6-408E-B731-A0A36AE5EBC7}"
EndProject
Project("{FAE04EC0-301F-11D3-BF4B-00C04F79EFBC}") = "InnoClinic.OfficesApi.Api", "OfficesApi\InnoClinic.OfficesApi.Api\InnoClinic.OfficesApi.Api.csproj", "{137142B6-0A71-435F-AA96-B0FB5FB0DBB9}"
EndProject
Project("{FAE04EC0-301F-11D3-BF4B-00C04F79EFBC}") = "InnoClinic.OfficesApi.BL", "OfficesApi\InnoClinic.OfficesApi.BL\InnoClinic.OfficesApi.BL.csproj", "{2A90D6C2-EB89-42B0-8E72-EA0C704D021C}"
EndProject
Project("{FAE04EC0-301F-11D3-BF4B-00C04F79EFBC}") = "InnoClinic.OfficesApi.DAL", "OfficesApi\InnoClinic.OfficesApi.DAL\InnoClinic.OfficesApi.DAL.csproj", "{6A024376-958E-4B30-B2C7-D20DB4C433F9}"
EndProject
Project("{FAE04EC0-301F-11D3-BF4B-00C04F79EFBC}") = "InnoClinic.ProfilesApi.Api", "ProfilesApi\InnoClinic.ProfilesApi.Api\InnoClinic.ProfilesApi.Api.csproj", "{B1588B79-0A30-479F-9D8F-89DB52852DB5}"
EndProject
Project("{FAE04EC0-301F-11D3-BF4B-00C04F79EFBC}") = "InnoClinic.ProfilesApi.BL", "ProfilesApi\InnoClinic.ProfilesApi.BL\InnoClinic.ProfilesApi.BL.csproj", "{D54596BB-BB32-4490-AFD7-A90D5F64B44B}"
EndProject
Project("{FAE04EC0-301F-11D3-BF4B-00C04F79EFBC}") = "InnoClinic.ProfilesApi.DAL", "ProfilesApi\InnoClinic.ProfilesApi.DAL\InnoClinic.ProfilesApi.DAL.csproj", "{F44C5C85-FC4B-4C22-91EF-316807BC11E3}"
EndProject
Project("{FAE04EC0-301F-11D3-BF4B-00C04F79EFBC}") = "InnoClinic.ServiceApi.Api", "ServiceApi\InnoClinic.ServiceApi.Api\InnoClinic.ServiceApi.Api.csproj", "{B0F0BE8E-792C-4EBE-B9A1-4BB6A8BD28FB}"
EndProject
Project("{FAE04EC0-301F-11D3-BF4B-00C04F79EFBC}") = "InnoClinic.ServiceApi.BL", "ServiceApi\InnoClinic.ServiceApi.BL\InnoClinic.ServiceApi.BL.csproj", "{F0DB9A83-D05D-4FC5-8626-9C681D9386E4}"
EndProject
Project("{FAE04EC0-301F-11D3-BF4B-00C04F79EFBC}") = "InnoClinic.ServiceApi.DAL", "ServiceApi\InnoClinic.ServiceApi.DAL\InnoClinic.ServiceApi.DAL.csproj", "{58527D5D-E56D-4876-B8D0-A2F35CE3E0F8}"
EndProject
Global
	GlobalSection(SolutionConfigurationPlatforms) = preSolution
		Debug|Any CPU = Debug|Any CPU
		Release|Any CPU = Release|Any CPU
	EndGlobalSection
	GlobalSection(ProjectConfigurationPlatforms) = postSolution
		{8EB6ACE3-E072-4FC4-9BA6-A5DC9D35A485}.Debug|Any CPU.ActiveCfg = Debug|Any CPU
		{8EB6ACE3-E072-4FC4-9BA6-A5DC9D35A485}.Debug|Any CPU.Build.0 = Debug|Any CPU
		{8EB6ACE3-E072-4FC4-9BA6-A5DC9D35A485}.Release|Any CPU.ActiveCfg = Release|Any CPU
		{8EB6ACE3-E072-4FC4-9BA6-A5DC9D35A485}.Release|Any CPU.Build.0 = Release|Any CPU
		{BDF2AD71-0DD2-4FCE-9FFD-19CE80F4CEA7}.Debug|Any CPU.ActiveCfg = Debug|Any CPU
		{BDF2AD71-0DD2-4FCE-9FFD-19CE80F4CEA7}.Debug|Any CPU.Build.0 = Debug|Any CPU
		{BDF2AD71-0DD2-4FCE-9FFD-19CE80F4CEA7}.Release|Any CPU.ActiveCfg = Release|Any CPU
		{BDF2AD71-0DD2-4FCE-9FFD-19CE80F4CEA7}.Release|Any CPU.Build.0 = Release|Any CPU
		{C79BCCA4-6415-451B-9F51-5B6CD7D05DAD}.Debug|Any CPU.ActiveCfg = Debug|Any CPU
		{C79BCCA4-6415-451B-9F51-5B6CD7D05DAD}.Debug|Any CPU.Build.0 = Debug|Any CPU
		{C79BCCA4-6415-451B-9F51-5B6CD7D05DAD}.Release|Any CPU.ActiveCfg = Release|Any CPU
		{C79BCCA4-6415-451B-9F51-5B6CD7D05DAD}.Release|Any CPU.Build.0 = Release|Any CPU
		{E26ECD90-FE81-4C6C-9C69-F9EF2B4D543B}.Debug|Any CPU.ActiveCfg = Debug|Any CPU
		{E26ECD90-FE81-4C6C-9C69-F9EF2B4D543B}.Debug|Any CPU.Build.0 = Debug|Any CPU
		{E26ECD90-FE81-4C6C-9C69-F9EF2B4D543B}.Release|Any CPU.ActiveCfg = Release|Any CPU
		{E26ECD90-FE81-4C6C-9C69-F9EF2B4D543B}.Release|Any CPU.Build.0 = Release|Any CPU
		{94E0BFCF-0C49-4288-85B4-AD1C50947C36}.Debug|Any CPU.ActiveCfg = Debug|Any CPU
		{94E0BFCF-0C49-4288-85B4-AD1C50947C36}.Debug|Any CPU.Build.0 = Debug|Any CPU
		{94E0BFCF-0C49-4288-85B4-AD1C50947C36}.Release|Any CPU.ActiveCfg = Release|Any CPU
		{94E0BFCF-0C49-4288-85B4-AD1C50947C36}.Release|Any CPU.Build.0 = Release|Any CPU
		{C84B2A8E-C2E2-4A7C-BA09-CCFD85E5CEB0}.Debug|Any CPU.ActiveCfg = Debug|Any CPU
		{C84B2A8E-C2E2-4A7C-BA09-CCFD85E5CEB0}.Debug|Any CPU.Build.0 = Debug|Any CPU
		{C84B2A8E-C2E2-4A7C-BA09-CCFD85E5CEB0}.Release|Any CPU.ActiveCfg = Release|Any CPU
		{C84B2A8E-C2E2-4A7C-BA09-CCFD85E5CEB0}.Release|Any CPU.Build.0 = Release|Any CPU
		{E1256690-787A-4CD8-B1F8-9D9E2D3338F7}.Debug|Any CPU.ActiveCfg = Debug|Any CPU
		{E1256690-787A-4CD8-B1F8-9D9E2D3338F7}.Debug|Any CPU.Build.0 = Debug|Any CPU
		{E1256690-787A-4CD8-B1F8-9D9E2D3338F7}.Release|Any CPU.ActiveCfg = Release|Any CPU
		{E1256690-787A-4CD8-B1F8-9D9E2D3338F7}.Release|Any CPU.Build.0 = Release|Any CPU
		{77BAFE68-B563-4D8A-B30C-918E426602C9}.Debug|Any CPU.ActiveCfg = Debug|Any CPU
		{77BAFE68-B563-4D8A-B30C-918E426602C9}.Debug|Any CPU.Build.0 = Debug|Any CPU
		{77BAFE68-B563-4D8A-B30C-918E426602C9}.Release|Any CPU.ActiveCfg = Release|Any CPU
		{77BAFE68-B563-4D8A-B30C-918E426602C9}.Release|Any CPU.Build.0 = Release|Any CPU
		{6C47DEE6-BCF1-454D-BCE9-FC2A443F7822}.Debug|Any CPU.ActiveCfg = Debug|Any CPU
		{6C47DEE6-BCF1-454D-BCE9-FC2A443F7822}.Debug|Any CPU.Build.0 = Debug|Any CPU
		{6C47DEE6-BCF1-454D-BCE9-FC2A443F7822}.Release|Any CPU.ActiveCfg = Release|Any CPU
		{6C47DEE6-BCF1-454D-BCE9-FC2A443F7822}.Release|Any CPU.Build.0 = Release|Any CPU
		{622592DE-5C8D-43F9-8D71-E5288A1CC6DD}.Debug|Any CPU.ActiveCfg = Debug|Any CPU
		{622592DE-5C8D-43F9-8D71-E5288A1CC6DD}.Debug|Any CPU.Build.0 = Debug|Any CPU
		{622592DE-5C8D-43F9-8D71-E5288A1CC6DD}.Release|Any CPU.ActiveCfg = Release|Any CPU
		{622592DE-5C8D-43F9-8D71-E5288A1CC6DD}.Release|Any CPU.Build.0 = Release|Any CPU
		{8395C07C-C986-42B2-B87C-C1EEDD66A45D}.Debug|Any CPU.ActiveCfg = Debug|Any CPU
		{8395C07C-C986-42B2-B87C-C1EEDD66A45D}.Debug|Any CPU.Build.0 = Debug|Any CPU
		{8395C07C-C986-42B2-B87C-C1EEDD66A45D}.Release|Any CPU.ActiveCfg = Release|Any CPU
		{8395C07C-C986-42B2-B87C-C1EEDD66A45D}.Release|Any CPU.Build.0 = Release|Any CPU
		{81754CD0-FDA6-408E-B731-A0A36AE5EBC7}.Debug|Any CPU.ActiveCfg = Debug|Any CPU
		{81754CD0-FDA6-408E-B731-A0A36AE5EBC7}.Debug|Any CPU.Build.0 = Debug|Any CPU
		{81754CD0-FDA6-408E-B731-A0A36AE5EBC7}.Release|Any CPU.ActiveCfg = Release|Any CPU
		{81754CD0-FDA6-408E-B731-A0A36AE5EBC7}.Release|Any CPU.Build.0 = Release|Any CPU
		{137142B6-0A71-435F-AA96-B0FB5FB0DBB9}.Debug|Any CPU.ActiveCfg = Debug|Any CPU
		{137142B6-0A71-435F-AA96-B0FB5FB0DBB9}.Debug|Any CPU.Build.0 = Debug|Any CPU
		{137142B6-0A71-435F-AA96-B0FB5FB0DBB9}.Release|Any CPU.ActiveCfg = Release|Any CPU
		{137142B6-0A71-435F-AA96-B0FB5FB0DBB9}.Release|Any CPU.Build.0 = Release|Any CPU
		{2A90D6C2-EB89-42B0-8E72-EA0C704D021C}.Debug|Any CPU.ActiveCfg = Debug|Any CPU
		{2A90D6C2-EB89-42B0-8E72-EA0C704D021C}.Debug|Any CPU.Build.0 = Debug|Any CPU
		{2A90D6C2-EB89-42B0-8E72-EA0C704D021C}.Release|Any CPU.ActiveCfg = Release|Any CPU
		{2A90D6C2-EB89-42B0-8E72-EA0C704D021C}.Release|Any CPU.Build.0 = Release|Any CPU
		{6A024376-958E-4B30-B2C7-D20DB4C433F9}.Debug|Any CPU.ActiveCfg = Debug|Any CPU
		{6A024376-958E-4B30-B2C7-D20DB4C433F9}.Debug|Any CPU.Build.0 = Debug|Any CPU
		{6A024376-958E-4B30-B2C7-D20DB4C433F9}.Release|Any CPU.ActiveCfg = Release|Any CPU
		{6A024376-958E-4B30-B2C7-D20DB4C433F9}.Release|Any CPU.Build.0 = Release|Any CPU
		{B1588B79-0A30-479F-9D8F-89DB52852DB5}.Debug|Any CPU.ActiveCfg = Debug|Any CPU
		{B1588B79-0A30-479F-9D8F-89DB52852DB5}.Debug|Any CPU.Build.0 = Debug|Any CPU
		{B1588B79-0A30-479F-9D8F-89DB52852DB5}.Release|Any CPU.ActiveCfg = Release|Any CPU
		{B1588B79-0A30-479F-9D8F-89DB52852DB5}.Release|Any CPU.Build.0 = Release|Any CPU
		{D54596BB-BB32-4490-AFD7-A90D5F64B44B}.Debug|Any CPU.ActiveCfg = Debug|Any CPU
		{D54596BB-BB32-4490-AFD7-A90D5F64B44B}.Debug|Any CPU.Build.0 = Debug|Any CPU
		{D54596BB-BB32-4490-AFD7-A90D5F64B44B}.Release|Any CPU.ActiveCfg = Release|Any CPU
		{D54596BB-BB32-4490-AFD7-A90D5F64B44B}.Release|Any CPU.Build.0 = Release|Any CPU
		{F44C5C85-FC4B-4C22-91EF-316807BC11E3}.Debug|Any CPU.ActiveCfg = Debug|Any CPU
		{F44C5C85-FC4B-4C22-91EF-316807BC11E3}.Debug|Any CPU.Build.0 = Debug|Any CPU
		{F44C5C85-FC4B-4C22-91EF-316807BC11E3}.Release|Any CPU.ActiveCfg = Release|Any CPU
		{F44C5C85-FC4B-4C22-91EF-316807BC11E3}.Release|Any CPU.Build.0 = Release|Any CPU
		{B0F0BE8E-792C-4EBE-B9A1-4BB6A8BD28FB}.Debug|Any CPU.ActiveCfg = Debug|Any CPU
		{B0F0BE8E-792C-4EBE-B9A1-4BB6A8BD28FB}.Debug|Any CPU.Build.0 = Debug|Any CPU
		{B0F0BE8E-792C-4EBE-B9A1-4BB6A8BD28FB}.Release|Any CPU.ActiveCfg = Release|Any CPU
		{B0F0BE8E-792C-4EBE-B9A1-4BB6A8BD28FB}.Release|Any CPU.Build.0 = Release|Any CPU
		{F0DB9A83-D05D-4FC5-8626-9C681D9386E4}.Debug|Any CPU.ActiveCfg = Debug|Any CPU
		{F0DB9A83-D05D-4FC5-8626-9C681D9386E4}.Debug|Any CPU.Build.0 = Debug|Any CPU
		{F0DB9A83-D05D-4FC5-8626-9C681D9386E4}.Release|Any CPU.ActiveCfg = Release|Any CPU
		{F0DB9A83-D05D-4FC5-8626-9C681D9386E4}.Release|Any CPU.Build.0 = Release|Any CPU
		{58527D5D-E56D-4876-B8D0-A2F35CE3E0F8}.Debug|Any CPU.ActiveCfg = Debug|Any CPU
		{58527D5D-E56D-4876-B8D0-A2F35CE3E0F8}.Debug|Any CPU.Build.0 = Debug|Any CPU
		{58527D5D-E56D-4876-B8D0-A2F35CE3E0F8}.Release|Any CPU.ActiveCfg = Release|Any CPU
		{58527D5D-E56D-4876-B8D0-A2F35CE3E0F8}.Release|Any CPU.Build.0 = Release|Any CPU
	EndGlobalSection
	GlobalSection(NestedProjects) = preSolution
		{8EB6ACE3-E072-4FC4-9BA6-A5DC9D35A485} = {E2437EDB-2976-4055-9D53-5E5E58D69A48}
		{BDF2AD71-0DD2-4FCE-9FFD-19CE80F4CEA7} = {E2437EDB-2976-4055-9D53-5E5E58D69A48}
		{C79BCCA4-6415-451B-9F51-5B6CD7D05DAD} = {E2437EDB-2976-4055-9D53-5E5E58D69A48}
		{E26ECD90-FE81-4C6C-9C69-F9EF2B4D543B} = {8B867A9A-5565-4AEB-9DAC-C4785AF03EC6}
		{94E0BFCF-0C49-4288-85B4-AD1C50947C36} = {8B867A9A-5565-4AEB-9DAC-C4785AF03EC6}
		{C84B2A8E-C2E2-4A7C-BA09-CCFD85E5CEB0} = {8B867A9A-5565-4AEB-9DAC-C4785AF03EC6}
		{E1256690-787A-4CD8-B1F8-9D9E2D3338F7} = {8B867A9A-5565-4AEB-9DAC-C4785AF03EC6}
		{77BAFE68-B563-4D8A-B30C-918E426602C9} = {931CF2D5-4094-4A09-AF5D-3063B3904709}
		{6C47DEE6-BCF1-454D-BCE9-FC2A443F7822} = {931CF2D5-4094-4A09-AF5D-3063B3904709}
		{622592DE-5C8D-43F9-8D71-E5288A1CC6DD} = {931CF2D5-4094-4A09-AF5D-3063B3904709}
		{8395C07C-C986-42B2-B87C-C1EEDD66A45D} = {271DB1CB-1102-4EA5-9768-328E6670FB9F}
		{81754CD0-FDA6-408E-B731-A0A36AE5EBC7} = {271DB1CB-1102-4EA5-9768-328E6670FB9F}
		{137142B6-0A71-435F-AA96-B0FB5FB0DBB9} = {36A84F3B-909D-4AB4-98FE-83BF65DEC674}
		{2A90D6C2-EB89-42B0-8E72-EA0C704D021C} = {36A84F3B-909D-4AB4-98FE-83BF65DEC674}
		{6A024376-958E-4B30-B2C7-D20DB4C433F9} = {36A84F3B-909D-4AB4-98FE-83BF65DEC674}
		{B1588B79-0A30-479F-9D8F-89DB52852DB5} = {C18B82ED-91BC-4D71-868D-0B4B7FE4A7E0}
		{D54596BB-BB32-4490-AFD7-A90D5F64B44B} = {C18B82ED-91BC-4D71-868D-0B4B7FE4A7E0}
		{F44C5C85-FC4B-4C22-91EF-316807BC11E3} = {C18B82ED-91BC-4D71-868D-0B4B7FE4A7E0}
		{B0F0BE8E-792C-4EBE-B9A1-4BB6A8BD28FB} = {B8C2E43C-C9D2-4601-8749-EA9179A74B23}
		{F0DB9A83-D05D-4FC5-8626-9C681D9386E4} = {B8C2E43C-C9D2-4601-8749-EA9179A74B23}
		{58527D5D-E56D-4876-B8D0-A2F35CE3E0F8} = {B8C2E43C-C9D2-4601-8749-EA9179A74B23}
	EndGlobalSection
EndGlobal
