
Microsoft Visual Studio Solution File, Format Version 12.00
Project("{FAE04EC0-301F-11D3-BF4B-00C04F79EFBC}") = "InnoClinic.AuthorizationApi.Api", "InnoClinic.AuthorizationApi.Api\InnoClinic.AuthorizationApi.Api.csproj", "{BA583B21-4071-4A24-A302-F528B2982B34}"
EndProject
Project("{FAE04EC0-301F-11D3-BF4B-00C04F79EFBC}") = "InnoClinic.AuthorizationApi.Infrastructure", "InnoClinic.AuthorizationApi.Infrastructure\InnoClinic.AuthorizationApi.Infrastructure.csproj", "{17462881-E168-4AFD-9608-601DC901288C}"
EndProject
Project("{FAE04EC0-301F-11D3-BF4B-00C04F79EFBC}") = "InnoClinic.AuthorizationApi.Core", "InnoClinic.AuthorizationApi.Core\InnoClinic.AuthorizationApi.Core.csproj", "{FEEFD010-39BE-4EAF-94BA-F90F80CAC447}"
EndProject
Project("{FAE04EC0-301F-11D3-BF4B-00C04F79EFBC}") = "InnoClinic.AuthorizationApi.Application", "InnoClinic.AuthorizationApi.Application\InnoClinic.AuthorizationApi.Application.csproj", "{1E2B9723-3F73-4D49-AD66-CE08B5E2EE23}"
EndProject
Project("{FAE04EC0-301F-11D3-BF4B-00C04F79EFBC}") = "InnoClinic.ProfilesApi.Api", "InnoClinic.ProfilesApi.Api\InnoClinic.ProfilesApi.Api.csproj", "{A6A25C66-C177-467B-9C5F-A553E20CF95B}"
EndProject
Project("{2150E333-8FDC-42A3-9474-1A3956D46DE8}") = "AuthorizationApi", "AuthorizationApi", "{8B867A9A-5565-4AEB-9DAC-C4785AF03EC6}"
EndProject
Project("{2150E333-8FDC-42A3-9474-1A3956D46DE8}") = "ProfilesApi", "ProfilesApi", "{C18B82ED-91BC-4D71-868D-0B4B7FE4A7E0}"
EndProject
Project("{FAE04EC0-301F-11D3-BF4B-00C04F79EFBC}") = "InnoClinic.ProfilesApi.DAL", "InnoClinic.ProfilesApi.DAL\InnoClinic.ProfilesApi.DAL.csproj", "{7C00D954-DFEA-4A43-955B-9A8773DCB18B}"
EndProject
Project("{FAE04EC0-301F-11D3-BF4B-00C04F79EFBC}") = "InnoClinic.ProfilesApi.BL", "InnoClinic.ProfilesApi.BL\InnoClinic.ProfilesApi.BL.csproj", "{E2758B9D-84C5-4E20-8F15-8C42DDA5E0FC}"
EndProject
Project("{2150E333-8FDC-42A3-9474-1A3956D46DE8}") = "OfficesApi", "OfficesApi", "{36A84F3B-909D-4AB4-98FE-83BF65DEC674}"
EndProject
Project("{FAE04EC0-301F-11D3-BF4B-00C04F79EFBC}") = "InnoClinic.OfficesApi.DAL", "InnoClinic.OfficesApi.DAL\InnoClinic.OfficesApi.DAL.csproj", "{73B31EA4-3BFE-4B5B-8570-21611D7245E0}"
EndProject
Project("{FAE04EC0-301F-11D3-BF4B-00C04F79EFBC}") = "InnoClinic.OfficesApi.BL", "InnoClinic.OfficesApi.BL\InnoClinic.OfficesApi.BL.csproj", "{9BD43359-DAD2-45ED-BCAC-8CE769947D5B}"
EndProject
Project("{FAE04EC0-301F-11D3-BF4B-00C04F79EFBC}") = "InnoClinic.OfficesApi.Api", "InnoClinic.OfficesApi.Api\InnoClinic.OfficesApi.Api.csproj", "{01540FBE-6F6B-4DC0-99CB-4419991F17C9}"
EndProject
Project("{2150E333-8FDC-42A3-9474-1A3956D46DE8}") = "ServicesApi", "ServicesApi", "{B8C2E43C-C9D2-4601-8749-EA9179A74B23}"
EndProject
Project("{FAE04EC0-301F-11D3-BF4B-00C04F79EFBC}") = "InnoClinic.ServiceApi.DAL", "InnoClinic.ServiceApi.DAL\InnoClinic.ServiceApi.DAL.csproj", "{6767C3BD-57D6-4F02-B0CF-6B5FCA4E2D0E}"
EndProject
Project("{FAE04EC0-301F-11D3-BF4B-00C04F79EFBC}") = "InnoClinic.ServiceApi.BL", "InnoClinic.ServiceApi.BL\InnoClinic.ServiceApi.BL.csproj", "{395A35D8-9057-4D2A-BD8F-F58E5238F183}"
EndProject
Project("{2150E333-8FDC-42A3-9474-1A3956D46DE8}") = "AppointmentApi", "AppointmentApi", "{E2437EDB-2976-4055-9D53-5E5E58D69A48}"
EndProject
Project("{FAE04EC0-301F-11D3-BF4B-00C04F79EFBC}") = "InnoClinic.AppointmentApi.DataAccess", "InnoClinic.AppointmentApi.DataAccess\InnoClinic.AppointmentApi.DataAccess.csproj", "{C036E64E-0A37-4B08-9D69-DB83B5C79119}"
EndProject
Project("{FAE04EC0-301F-11D3-BF4B-00C04F79EFBC}") = "InnoClinic.AppointmentApi.BL", "InnoClinic.AppointmentApi.BL\InnoClinic.AppointmentApi.BL.csproj", "{9E7C10F0-56FD-4095-8C3E-A3EDEBEB4094}"
EndProject
Project("{FAE04EC0-301F-11D3-BF4B-00C04F79EFBC}") = "InnoClinic.AppointmentApi.Api", "InnoClinic.AppointmentApi.Api\InnoClinic.AppointmentApi.Api.csproj", "{C0B5F45B-C118-4020-A5C0-EC740E6AEA5A}"
EndProject
Project("{2150E333-8FDC-42A3-9474-1A3956D46DE8}") = "DocumentsApi", "DocumentsApi", "{931CF2D5-4094-4A09-AF5D-3063B3904709}"
EndProject
Project("{FAE04EC0-301F-11D3-BF4B-00C04F79EFBC}") = "InnoClinic.DocumentsApi.Api", "InnoClinic.DocumentsApi.Api\InnoClinic.DocumentsApi.Api.csproj", "{DF07D592-0247-48B2-9CA7-3F6C5A3E919E}"
EndProject
Project("{FAE04EC0-301F-11D3-BF4B-00C04F79EFBC}") = "InnoClinic.DocumentsApi.BL", "InnoClinic.DocumentsApi.BL\InnoClinic.DocumentsApi.BL.csproj", "{CCA8401C-5FD6-4B16-AAAF-5A8F7C18DD5F}"
EndProject
Project("{FAE04EC0-301F-11D3-BF4B-00C04F79EFBC}") = "InnoClinic.DocumentsApi.DAL", "InnoClinic.DocumentsApi.DAL\InnoClinic.DocumentsApi.DAL.csproj", "{36989C51-53E0-4358-90F0-86E5E5F2DEA6}"
EndProject
Project("{2150E333-8FDC-42A3-9474-1A3956D46DE8}") = "GatewayApi", "GatewayApi", "{271DB1CB-1102-4EA5-9768-328E6670FB9F}"
EndProject
Project("{FAE04EC0-301F-11D3-BF4B-00C04F79EFBC}") = "InnoClinic.GatewayApi.Api", "InnoClinic.GatewayApi.Api\InnoClinic.GatewayApi.Api.csproj", "{52A7A92B-1224-4C2C-B637-1369487F173E}"
EndProject
Project("{FAE04EC0-301F-11D3-BF4B-00C04F79EFBC}") = "InnoClinic.GatewayApi.BL", "InnoClinic.GatewayApi.BL\InnoClinic.GatewayApi.BL.csproj", "{E80D455E-DD53-4892-83CD-DF03419FDFA8}"
EndProject
Project("{FAE04EC0-301F-11D3-BF4B-00C04F79EFBC}") = "InnoClinic.ServiceApi.Api", "InnoClinic.ServiceApi.Api\InnoClinic.ServiceApi.Api.csproj", "{57FE042B-4546-4A8A-B4EC-1BD9A3B6A6EA}"
EndProject
Global
	GlobalSection(SolutionConfigurationPlatforms) = preSolution
		Debug|Any CPU = Debug|Any CPU
		Release|Any CPU = Release|Any CPU
	EndGlobalSection
	GlobalSection(ProjectConfigurationPlatforms) = postSolution
		{BA583B21-4071-4A24-A302-F528B2982B34}.Debug|Any CPU.ActiveCfg = Debug|Any CPU
		{BA583B21-4071-4A24-A302-F528B2982B34}.Debug|Any CPU.Build.0 = Debug|Any CPU
		{BA583B21-4071-4A24-A302-F528B2982B34}.Release|Any CPU.ActiveCfg = Release|Any CPU
		{BA583B21-4071-4A24-A302-F528B2982B34}.Release|Any CPU.Build.0 = Release|Any CPU
		{17462881-E168-4AFD-9608-601DC901288C}.Debug|Any CPU.ActiveCfg = Debug|Any CPU
		{17462881-E168-4AFD-9608-601DC901288C}.Debug|Any CPU.Build.0 = Debug|Any CPU
		{17462881-E168-4AFD-9608-601DC901288C}.Release|Any CPU.ActiveCfg = Release|Any CPU
		{17462881-E168-4AFD-9608-601DC901288C}.Release|Any CPU.Build.0 = Release|Any CPU
		{FEEFD010-39BE-4EAF-94BA-F90F80CAC447}.Debug|Any CPU.ActiveCfg = Debug|Any CPU
		{FEEFD010-39BE-4EAF-94BA-F90F80CAC447}.Debug|Any CPU.Build.0 = Debug|Any CPU
		{FEEFD010-39BE-4EAF-94BA-F90F80CAC447}.Release|Any CPU.ActiveCfg = Release|Any CPU
		{FEEFD010-39BE-4EAF-94BA-F90F80CAC447}.Release|Any CPU.Build.0 = Release|Any CPU
		{1E2B9723-3F73-4D49-AD66-CE08B5E2EE23}.Debug|Any CPU.ActiveCfg = Debug|Any CPU
		{1E2B9723-3F73-4D49-AD66-CE08B5E2EE23}.Debug|Any CPU.Build.0 = Debug|Any CPU
		{1E2B9723-3F73-4D49-AD66-CE08B5E2EE23}.Release|Any CPU.ActiveCfg = Release|Any CPU
		{1E2B9723-3F73-4D49-AD66-CE08B5E2EE23}.Release|Any CPU.Build.0 = Release|Any CPU
		{A6A25C66-C177-467B-9C5F-A553E20CF95B}.Debug|Any CPU.ActiveCfg = Debug|Any CPU
		{A6A25C66-C177-467B-9C5F-A553E20CF95B}.Debug|Any CPU.Build.0 = Debug|Any CPU
		{A6A25C66-C177-467B-9C5F-A553E20CF95B}.Release|Any CPU.ActiveCfg = Release|Any CPU
		{A6A25C66-C177-467B-9C5F-A553E20CF95B}.Release|Any CPU.Build.0 = Release|Any CPU
		{7C00D954-DFEA-4A43-955B-9A8773DCB18B}.Debug|Any CPU.ActiveCfg = Debug|Any CPU
		{7C00D954-DFEA-4A43-955B-9A8773DCB18B}.Debug|Any CPU.Build.0 = Debug|Any CPU
		{7C00D954-DFEA-4A43-955B-9A8773DCB18B}.Release|Any CPU.ActiveCfg = Release|Any CPU
		{7C00D954-DFEA-4A43-955B-9A8773DCB18B}.Release|Any CPU.Build.0 = Release|Any CPU
		{E2758B9D-84C5-4E20-8F15-8C42DDA5E0FC}.Debug|Any CPU.ActiveCfg = Debug|Any CPU
		{E2758B9D-84C5-4E20-8F15-8C42DDA5E0FC}.Debug|Any CPU.Build.0 = Debug|Any CPU
		{E2758B9D-84C5-4E20-8F15-8C42DDA5E0FC}.Release|Any CPU.ActiveCfg = Release|Any CPU
		{E2758B9D-84C5-4E20-8F15-8C42DDA5E0FC}.Release|Any CPU.Build.0 = Release|Any CPU
		{73B31EA4-3BFE-4B5B-8570-21611D7245E0}.Debug|Any CPU.ActiveCfg = Debug|Any CPU
		{73B31EA4-3BFE-4B5B-8570-21611D7245E0}.Debug|Any CPU.Build.0 = Debug|Any CPU
		{73B31EA4-3BFE-4B5B-8570-21611D7245E0}.Release|Any CPU.ActiveCfg = Release|Any CPU
		{73B31EA4-3BFE-4B5B-8570-21611D7245E0}.Release|Any CPU.Build.0 = Release|Any CPU
		{9BD43359-DAD2-45ED-BCAC-8CE769947D5B}.Debug|Any CPU.ActiveCfg = Debug|Any CPU
		{9BD43359-DAD2-45ED-BCAC-8CE769947D5B}.Debug|Any CPU.Build.0 = Debug|Any CPU
		{9BD43359-DAD2-45ED-BCAC-8CE769947D5B}.Release|Any CPU.ActiveCfg = Release|Any CPU
		{9BD43359-DAD2-45ED-BCAC-8CE769947D5B}.Release|Any CPU.Build.0 = Release|Any CPU
		{01540FBE-6F6B-4DC0-99CB-4419991F17C9}.Debug|Any CPU.ActiveCfg = Debug|Any CPU
		{01540FBE-6F6B-4DC0-99CB-4419991F17C9}.Debug|Any CPU.Build.0 = Debug|Any CPU
		{01540FBE-6F6B-4DC0-99CB-4419991F17C9}.Release|Any CPU.ActiveCfg = Release|Any CPU
		{01540FBE-6F6B-4DC0-99CB-4419991F17C9}.Release|Any CPU.Build.0 = Release|Any CPU
		{6767C3BD-57D6-4F02-B0CF-6B5FCA4E2D0E}.Debug|Any CPU.ActiveCfg = Debug|Any CPU
		{6767C3BD-57D6-4F02-B0CF-6B5FCA4E2D0E}.Debug|Any CPU.Build.0 = Debug|Any CPU
		{6767C3BD-57D6-4F02-B0CF-6B5FCA4E2D0E}.Release|Any CPU.ActiveCfg = Release|Any CPU
		{6767C3BD-57D6-4F02-B0CF-6B5FCA4E2D0E}.Release|Any CPU.Build.0 = Release|Any CPU
		{395A35D8-9057-4D2A-BD8F-F58E5238F183}.Debug|Any CPU.ActiveCfg = Debug|Any CPU
		{395A35D8-9057-4D2A-BD8F-F58E5238F183}.Debug|Any CPU.Build.0 = Debug|Any CPU
		{395A35D8-9057-4D2A-BD8F-F58E5238F183}.Release|Any CPU.ActiveCfg = Release|Any CPU
		{395A35D8-9057-4D2A-BD8F-F58E5238F183}.Release|Any CPU.Build.0 = Release|Any CPU
		{C036E64E-0A37-4B08-9D69-DB83B5C79119}.Debug|Any CPU.ActiveCfg = Debug|Any CPU
		{C036E64E-0A37-4B08-9D69-DB83B5C79119}.Debug|Any CPU.Build.0 = Debug|Any CPU
		{C036E64E-0A37-4B08-9D69-DB83B5C79119}.Release|Any CPU.ActiveCfg = Release|Any CPU
		{C036E64E-0A37-4B08-9D69-DB83B5C79119}.Release|Any CPU.Build.0 = Release|Any CPU
		{9E7C10F0-56FD-4095-8C3E-A3EDEBEB4094}.Debug|Any CPU.ActiveCfg = Debug|Any CPU
		{9E7C10F0-56FD-4095-8C3E-A3EDEBEB4094}.Debug|Any CPU.Build.0 = Debug|Any CPU
		{9E7C10F0-56FD-4095-8C3E-A3EDEBEB4094}.Release|Any CPU.ActiveCfg = Release|Any CPU
		{9E7C10F0-56FD-4095-8C3E-A3EDEBEB4094}.Release|Any CPU.Build.0 = Release|Any CPU
		{C0B5F45B-C118-4020-A5C0-EC740E6AEA5A}.Debug|Any CPU.ActiveCfg = Debug|Any CPU
		{C0B5F45B-C118-4020-A5C0-EC740E6AEA5A}.Debug|Any CPU.Build.0 = Debug|Any CPU
		{C0B5F45B-C118-4020-A5C0-EC740E6AEA5A}.Release|Any CPU.ActiveCfg = Release|Any CPU
		{C0B5F45B-C118-4020-A5C0-EC740E6AEA5A}.Release|Any CPU.Build.0 = Release|Any CPU
		{DF07D592-0247-48B2-9CA7-3F6C5A3E919E}.Debug|Any CPU.ActiveCfg = Debug|Any CPU
		{DF07D592-0247-48B2-9CA7-3F6C5A3E919E}.Debug|Any CPU.Build.0 = Debug|Any CPU
		{DF07D592-0247-48B2-9CA7-3F6C5A3E919E}.Release|Any CPU.ActiveCfg = Release|Any CPU
		{DF07D592-0247-48B2-9CA7-3F6C5A3E919E}.Release|Any CPU.Build.0 = Release|Any CPU
		{CCA8401C-5FD6-4B16-AAAF-5A8F7C18DD5F}.Debug|Any CPU.ActiveCfg = Debug|Any CPU
		{CCA8401C-5FD6-4B16-AAAF-5A8F7C18DD5F}.Debug|Any CPU.Build.0 = Debug|Any CPU
		{CCA8401C-5FD6-4B16-AAAF-5A8F7C18DD5F}.Release|Any CPU.ActiveCfg = Release|Any CPU
		{CCA8401C-5FD6-4B16-AAAF-5A8F7C18DD5F}.Release|Any CPU.Build.0 = Release|Any CPU
		{36989C51-53E0-4358-90F0-86E5E5F2DEA6}.Debug|Any CPU.ActiveCfg = Debug|Any CPU
		{36989C51-53E0-4358-90F0-86E5E5F2DEA6}.Debug|Any CPU.Build.0 = Debug|Any CPU
		{36989C51-53E0-4358-90F0-86E5E5F2DEA6}.Release|Any CPU.ActiveCfg = Release|Any CPU
		{36989C51-53E0-4358-90F0-86E5E5F2DEA6}.Release|Any CPU.Build.0 = Release|Any CPU
		{52A7A92B-1224-4C2C-B637-1369487F173E}.Debug|Any CPU.ActiveCfg = Debug|Any CPU
		{52A7A92B-1224-4C2C-B637-1369487F173E}.Debug|Any CPU.Build.0 = Debug|Any CPU
		{52A7A92B-1224-4C2C-B637-1369487F173E}.Release|Any CPU.ActiveCfg = Release|Any CPU
		{52A7A92B-1224-4C2C-B637-1369487F173E}.Release|Any CPU.Build.0 = Release|Any CPU
		{E80D455E-DD53-4892-83CD-DF03419FDFA8}.Debug|Any CPU.ActiveCfg = Debug|Any CPU
		{E80D455E-DD53-4892-83CD-DF03419FDFA8}.Debug|Any CPU.Build.0 = Debug|Any CPU
		{E80D455E-DD53-4892-83CD-DF03419FDFA8}.Release|Any CPU.ActiveCfg = Release|Any CPU
		{E80D455E-DD53-4892-83CD-DF03419FDFA8}.Release|Any CPU.Build.0 = Release|Any CPU
		{57FE042B-4546-4A8A-B4EC-1BD9A3B6A6EA}.Debug|Any CPU.ActiveCfg = Debug|Any CPU
		{57FE042B-4546-4A8A-B4EC-1BD9A3B6A6EA}.Debug|Any CPU.Build.0 = Debug|Any CPU
		{57FE042B-4546-4A8A-B4EC-1BD9A3B6A6EA}.Release|Any CPU.ActiveCfg = Release|Any CPU
		{57FE042B-4546-4A8A-B4EC-1BD9A3B6A6EA}.Release|Any CPU.Build.0 = Release|Any CPU
	EndGlobalSection
	GlobalSection(NestedProjects) = preSolution
		{BA583B21-4071-4A24-A302-F528B2982B34} = {8B867A9A-5565-4AEB-9DAC-C4785AF03EC6}
		{1E2B9723-3F73-4D49-AD66-CE08B5E2EE23} = {8B867A9A-5565-4AEB-9DAC-C4785AF03EC6}
		{FEEFD010-39BE-4EAF-94BA-F90F80CAC447} = {8B867A9A-5565-4AEB-9DAC-C4785AF03EC6}
		{17462881-E168-4AFD-9608-601DC901288C} = {8B867A9A-5565-4AEB-9DAC-C4785AF03EC6}
		{A6A25C66-C177-467B-9C5F-A553E20CF95B} = {C18B82ED-91BC-4D71-868D-0B4B7FE4A7E0}
		{7C00D954-DFEA-4A43-955B-9A8773DCB18B} = {C18B82ED-91BC-4D71-868D-0B4B7FE4A7E0}
		{E2758B9D-84C5-4E20-8F15-8C42DDA5E0FC} = {C18B82ED-91BC-4D71-868D-0B4B7FE4A7E0}
		{73B31EA4-3BFE-4B5B-8570-21611D7245E0} = {36A84F3B-909D-4AB4-98FE-83BF65DEC674}
		{9BD43359-DAD2-45ED-BCAC-8CE769947D5B} = {36A84F3B-909D-4AB4-98FE-83BF65DEC674}
		{01540FBE-6F6B-4DC0-99CB-4419991F17C9} = {36A84F3B-909D-4AB4-98FE-83BF65DEC674}
		{6767C3BD-57D6-4F02-B0CF-6B5FCA4E2D0E} = {B8C2E43C-C9D2-4601-8749-EA9179A74B23}
		{395A35D8-9057-4D2A-BD8F-F58E5238F183} = {B8C2E43C-C9D2-4601-8749-EA9179A74B23}
		{C036E64E-0A37-4B08-9D69-DB83B5C79119} = {E2437EDB-2976-4055-9D53-5E5E58D69A48}
		{9E7C10F0-56FD-4095-8C3E-A3EDEBEB4094} = {E2437EDB-2976-4055-9D53-5E5E58D69A48}
		{C0B5F45B-C118-4020-A5C0-EC740E6AEA5A} = {E2437EDB-2976-4055-9D53-5E5E58D69A48}
		{DF07D592-0247-48B2-9CA7-3F6C5A3E919E} = {931CF2D5-4094-4A09-AF5D-3063B3904709}
		{CCA8401C-5FD6-4B16-AAAF-5A8F7C18DD5F} = {931CF2D5-4094-4A09-AF5D-3063B3904709}
		{36989C51-53E0-4358-90F0-86E5E5F2DEA6} = {931CF2D5-4094-4A09-AF5D-3063B3904709}
		{52A7A92B-1224-4C2C-B637-1369487F173E} = {271DB1CB-1102-4EA5-9768-328E6670FB9F}
		{E80D455E-DD53-4892-83CD-DF03419FDFA8} = {271DB1CB-1102-4EA5-9768-328E6670FB9F}
		{57FE042B-4546-4A8A-B4EC-1BD9A3B6A6EA} = {B8C2E43C-C9D2-4601-8749-EA9179A74B23}
	EndGlobalSection
EndGlobal
